{
  "name": "tinybuildapp7332",
  "version": "0.0.0",
  "lockfileVersion": 2,
  "requires": true,
  "packages": {
    "": {
      "name": "tinybuildapp7332",
      "version": "0.0.0",
      "license": "AGPL-3.0-or-later",
      "dependencies": {
        "@types/dom-serial": "^1.0.2",
        "magicworker": "^1.1.10"
      }
    },
    "node_modules/@types/dom-serial": {
      "version": "1.0.2",
      "resolved": "https://registry.npmjs.org/@types/dom-serial/-/dom-serial-1.0.2.tgz",
      "integrity": "sha512-Ci7qiY7Gq6I1ZfE2GSsoFPwMeWKZzF2d9f4/92T8MOUATr4YaDYggPAqv+P8KIfxi28crJMLC5zUw7LVl3KJOA=="
    },
    "node_modules/anotherstatemanager": {
      "version": "1.1.0",
      "resolved": "https://registry.npmjs.org/anotherstatemanager/-/anotherstatemanager-1.1.0.tgz",
      "integrity": "sha512-VIbRaYGSQGTaGZhFwMmAoj4tLZYHFOZyNV6Y5uoIbI5jwixBeZ8S22YIZs2icDj2XY23q8YmqXf6HdCiaDqHGA==",
      "dependencies": {
        "objectlisteners": "1.0.5"
      }
    },
    "node_modules/brainsatplay-math": {
      "version": "0.0.18",
      "resolved": "https://registry.npmjs.org/brainsatplay-math/-/brainsatplay-math-0.0.18.tgz",
      "integrity": "sha512-UXDqWwqHvL3rWLuO35UGC2IvaPG/Ak7p9T7kEYpaFkRdkR+2ULUnjdnqpWt/w9lPoThV+XlG6qilTG8wNDdBAQ=="
    },
    "node_modules/gpujsutils": {
      "version": "1.0.10",
      "resolved": "https://registry.npmjs.org/gpujsutils/-/gpujsutils-1.0.10.tgz",
      "integrity": "sha512-hn74yMSZrT4pf4nlS3SRZvUe7UaGCs3KYoi/dqhTJk3Gho2M9SScj7BHewTcNI1M2UonTkcaR/CA1KgXxekfVQ=="
    },
    "node_modules/magicworker": {
      "version": "1.1.10",
      "resolved": "https://registry.npmjs.org/magicworker/-/magicworker-1.1.10.tgz",
      "integrity": "sha512-5Obt2xyTIwE27wP5bui17Pe6zctUYtNxBHSEt+b2aMraaRzD/tJkF+I/BC3Xquj78XpAKzpExweasGOJ97FzVw==",
      "dependencies": {
        "anotherstatemanager": "^1.1.0",
        "brainsatplay-math": "^0.0.18",
        "gpujsutils": "^1.0.5",
        "three": "^0.140.2"
      }
    },
    "node_modules/objectlisteners": {
      "version": "1.0.5",
      "resolved": "https://registry.npmjs.org/objectlisteners/-/objectlisteners-1.0.5.tgz",
      "integrity": "sha512-uNOHU5HmaZFiLCJzYfB3mbiEXfiN/3KAzWJjLwmQDJ21xNvbrmNd47mCo8FrRpFe48N3prZFGynFPz5EfGu2qQ=="
    },
    "node_modules/three": {
      "version": "0.140.2",
      "resolved": "https://registry.npmjs.org/three/-/three-0.140.2.tgz",
      "integrity": "sha512-DdT/AHm/TbZXEhQKQpGt5/iSgBrmXpjU26FNtj1KhllVPTKj1eG4X/ShyD5W2fngE+I1s1wa4ttC4C3oCJt7Ag=="
    }
  },
  "dependencies": {
    "@types/dom-serial": {
      "version": "1.0.2",
      "resolved": "https://registry.npmjs.org/@types/dom-serial/-/dom-serial-1.0.2.tgz",
      "integrity": "sha512-Ci7qiY7Gq6I1ZfE2GSsoFPwMeWKZzF2d9f4/92T8MOUATr4YaDYggPAqv+P8KIfxi28crJMLC5zUw7LVl3KJOA=="
    },
    "anotherstatemanager": {
      "version": "1.1.0",
      "resolved": "https://registry.npmjs.org/anotherstatemanager/-/anotherstatemanager-1.1.0.tgz",
      "integrity": "sha512-VIbRaYGSQGTaGZhFwMmAoj4tLZYHFOZyNV6Y5uoIbI5jwixBeZ8S22YIZs2icDj2XY23q8YmqXf6HdCiaDqHGA==",
      "requires": {
        "objectlisteners": "1.0.5"
      }
    },
    "brainsatplay-math": {
      "version": "0.0.18",
      "resolved": "https://registry.npmjs.org/brainsatplay-math/-/brainsatplay-math-0.0.18.tgz",
      "integrity": "sha512-UXDqWwqHvL3rWLuO35UGC2IvaPG/Ak7p9T7kEYpaFkRdkR+2ULUnjdnqpWt/w9lPoThV+XlG6qilTG8wNDdBAQ=="
    },
    "gpujsutils": {
      "version": "1.0.10",
      "resolved": "https://registry.npmjs.org/gpujsutils/-/gpujsutils-1.0.10.tgz",
      "integrity": "sha512-hn74yMSZrT4pf4nlS3SRZvUe7UaGCs3KYoi/dqhTJk3Gho2M9SScj7BHewTcNI1M2UonTkcaR/CA1KgXxekfVQ=="
    },
    "magicworker": {
      "version": "1.1.10",
      "resolved": "https://registry.npmjs.org/magicworker/-/magicworker-1.1.10.tgz",
      "integrity": "sha512-5Obt2xyTIwE27wP5bui17Pe6zctUYtNxBHSEt+b2aMraaRzD/tJkF+I/BC3Xquj78XpAKzpExweasGOJ97FzVw==",
      "requires": {
        "anotherstatemanager": "^1.1.0",
        "brainsatplay-math": "^0.0.18",
        "gpujsutils": "^1.0.5",
        "three": "^0.140.2"
      }
    },
    "objectlisteners": {
      "version": "1.0.5",
      "resolved": "https://registry.npmjs.org/objectlisteners/-/objectlisteners-1.0.5.tgz",
      "integrity": "sha512-uNOHU5HmaZFiLCJzYfB3mbiEXfiN/3KAzWJjLwmQDJ21xNvbrmNd47mCo8FrRpFe48N3prZFGynFPz5EfGu2qQ=="
    },
    "three": {
      "version": "0.140.2",
      "resolved": "https://registry.npmjs.org/three/-/three-0.140.2.tgz",
      "integrity": "sha512-DdT/AHm/TbZXEhQKQpGt5/iSgBrmXpjU26FNtj1KhllVPTKj1eG4X/ShyD5W2fngE+I1s1wa4ttC4C3oCJt7Ag=="
    }
  }
}
